<?xml version="1.0" encoding="utf-8"?>
<Project ToolsVersion="4.0" xmlns="http://schemas.microsoft.com/developer/msbuild/2003">
  <ItemGroup>
    <Filter Include="源文件">
      <UniqueIdentifier>{4FC737F1-C7A5-4376-A066-2A32D752A2FF}</UniqueIdentifier>
      <Extensions>cpp;c;cc;cxx;def;odl;idl;hpj;bat;asm;asmx</Extensions>
    </Filter>
    <Filter Include="头文件">
      <UniqueIdentifier>{93995380-89BD-4b04-88EB-625FBE52EBFB}</UniqueIdentifier>
      <Extensions>h;hpp;hxx;hm;inl;inc;xsd</Extensions>
    </Filter>
    <Filter Include="资源文件">
      <UniqueIdentifier>{67DA6AB6-F800-4c08-8B7A-83BB121AAD01}</UniqueIdentifier>
      <Extensions>rc;ico;cur;bmp;dlg;rc2;rct;bin;rgs;gif;jpg;jpeg;jpe;resx;tiff;tif;png;wav;mfcribbon-ms</Extensions>
    </Filter>
  </ItemGroup>
  <ItemGroup>
    <None Include="ReadMe.txt" />
    <None Include="res\AutoBusCountV2.rc2">
      <Filter>资源文件</Filter>
    </None>
    <None Include="res\AutoBusCountV2.ico">
      <Filter>资源文件</Filter>
    </None>
    <None Include="ClassDiagram1.cd" />
  </ItemGroup>
  <ItemGroup>
    <ClInclude Include="AutoBusCountV2.h">
      <Filter>头文件</Filter>
    </ClInclude>
    <ClInclude Include="AutoBusCountV2Dlg.h">
      <Filter>头文件</Filter>
    </ClInclude>
    <ClInclude Include="stdafx.h">
      <Filter>头文件</Filter>
    </ClInclude>
    <ClInclude Include="targetver.h">
      <Filter>头文件</Filter>
    </ClInclude>
    <ClInclude Include="Resource.h">
      <Filter>头文件</Filter>
    </ClInclude>
    <ClInclude Include="ConMySQL.h">
      <Filter>头文件</Filter>
    </ClInclude>
    <ClInclude Include="VideoProc.h">
      <Filter>头文件</Filter>
    </ClInclude>
    <ClInclude Include="ConVariable.h">
      <Filter>头文件</Filter>
    </ClInclude>
    <ClInclude Include="sdk_uv200.h">
      <Filter>头文件</Filter>
    </ClInclude>
    <ClInclude Include="ConGPS.h">
      <Filter>头文件</Filter>
    </ClInclude>
    <ClInclude Include="rgbgmfgd.h">
      <Filter>头文件</Filter>
    </ClInclude>
    <ClInclude Include="CheckDoorStat.h">
      <Filter>头文件</Filter>
    </ClInclude>
  </ItemGroup>
  <ItemGroup>
    <ClCompile Include="AutoBusCountV2.cpp">
      <Filter>源文件</Filter>
    </ClCompile>
    <ClCompile Include="AutoBusCountV2Dlg.cpp">
      <Filter>源文件</Filter>
    </ClCompile>
    <ClCompile Include="stdafx.cpp">
      <Filter>源文件</Filter>
    </ClCompile>
    <ClCompile Include="ConMySQL.cpp">
      <Filter>源文件</Filter>
    </ClCompile>
    <ClCompile Include="VideoProc.cpp">
      <Filter>源文件</Filter>
    </ClCompile>
    <ClCompile Include="ConVariable.cpp">
      <Filter>源文件</Filter>
    </ClCompile>
    <ClCompile Include="ConGPS.cpp">
      <Filter>源文件</Filter>
    </ClCompile>
    <ClCompile Include="rgbgmfgd.cpp">
      <Filter>源文件</Filter>
    </ClCompile>
    <ClCompile Include="CheckDoorStat.cpp">
      <Filter>源文件</Filter>
    </ClCompile>
  </ItemGroup>
  <ItemGroup>
    <ResourceCompile Include="AutoBusCountV2.rc">
      <Filter>资源文件</Filter>
    </ResourceCompile>
  </ItemGroup>
</Project>